{
  "name": "jonsd",
  "version": "1.0.0",
  "lockfileVersion": 3,
  "requires": true,
  "packages": {
    "": {
      "name": "jonsd",
      "version": "1.0.0",
      "license": "ISC",
      "dependencies": {
        "awesome-mac": "^2.1.0"
      }
    },
    "node_modules/awesome-mac": {
      "version": "2.1.0",
      "resolved": "https://registry.npmjs.org/awesome-mac/-/awesome-mac-2.1.0.tgz",
      "integrity": "sha512-PovEpuQ4KWj2jChKIy05CDf6KRUpeEjpcAZbB+0/ZVaKIuYKik3Vv1KkFjIKmlgIxLCxKPZq+8q/y1qlDMGMdA==",
      "license": "CC-BY-SA-4.0",
      "funding": {
        "url": "https://jaywcjlove.github.io/#/sponsor"
      }
    }
  }
}
